
Microsoft Visual Studio Solution File, Format Version 12.00
# Visual Studio Version 16
VisualStudioVersion = 16.0.31409.214
MinimumVisualStudioVersion = 10.0.40219.1
Project("{FAE04EC0-301F-11D3-BF4B-00C04F79EFBC}") = "Livethoughts.Azure.Toolkit.Monitoring.ResourceChangedMonitor", "Livethoughts.Azure.Toolkit.Monitoring.ResourceChangedMonitor.csproj", "{ED605CA8-8A72-4200-AC9B-54445D1C9CCF}"
EndProject
Global
	GlobalSection(SolutionConfigurationPlatforms) = preSolution
		Debug|Any CPU = Debug|Any CPU
		Release|Any CPU = Release|Any CPU
	EndGlobalSection
	GlobalSection(ProjectConfigurationPlatforms) = postSolution
		{ED605CA8-8A72-4200-AC9B-54445D1C9CCF}.Debug|Any CPU.ActiveCfg = Debug|Any CPU
		{ED605CA8-8A72-4200-AC9B-54445D1C9CCF}.Debug|Any CPU.Build.0 = Debug|Any CPU
		{ED605CA8-8A72-4200-AC9B-54445D1C9CCF}.Release|Any CPU.ActiveCfg = Release|Any CPU
		{ED605CA8-8A72-4200-AC9B-54445D1C9CCF}.Release|Any CPU.Build.0 = Release|Any CPU
	EndGlobalSection
	GlobalSection(SolutionProperties) = preSolution
		HideSolutionNode = FALSE
	EndGlobalSection
	GlobalSection(ExtensibilityGlobals) = postSolution
		SolutionGuid = {7EC230D6-EEF1-4C6D-A3DD-EC918C715617}
	EndGlobalSection
EndGlobal
